
Microsoft Visual Studio Solution File, Format Version 12.00
# Visual Studio 15
VisualStudioVersion = 15.0.27130.2010
MinimumVisualStudioVersion = 10.0.40219.1
Project("{2150E333-8FDC-42A3-9474-1A3956D46DE8}") = "_stylecop", "_stylecop", "{46D6655D-AC94-4190-95D0-A501B5AB3F70}"
	ProjectSection(SolutionItems) = preProject
		src\_stylecop\CustomDictionary.xml = src\_stylecop\CustomDictionary.xml
		src\_stylecop\stylecop.json = src\_stylecop\stylecop.json
		src\_stylecop\StyleCopRules.ruleset = src\_stylecop\StyleCopRules.ruleset
	EndProjectSection
EndProject
Project("{9A19103F-16F7-4668-BE54-9A1E7A4F7556}") = "DotNetCoreKit.Abstractions", "src\DotNetCoreKit.Abstractions\DotNetCoreKit.Abstractions.csproj", "{018B6419-3734-4BA8-BBBC-8878EA439671}"
EndProject
Project("{9A19103F-16F7-4668-BE54-9A1E7A4F7556}") = "DotNetCoreKit.EntityFramework", "src\DotNetCoreKit.EntityFramework\DotNetCoreKit.EntityFramework.csproj", "{5E796A5F-D36F-4CC9-8B7E-441929A02379}"
	ProjectSection(ProjectDependencies) = postProject
		{018B6419-3734-4BA8-BBBC-8878EA439671} = {018B6419-3734-4BA8-BBBC-8878EA439671}
	EndProjectSection
EndProject
Project("{9A19103F-16F7-4668-BE54-9A1E7A4F7556}") = "DotNetCoreKit.Webservices", "src\DotNetCoreKit.Webservices\DotNetCoreKit.Webservices.csproj", "{D2131EA5-B2DB-4B02-BFC6-709A30D10DCD}"
EndProject
Project("{9A19103F-16F7-4668-BE54-9A1E7A4F7556}") = "DotNetCoreKit.FluentValidations.Tests", "tests\DotNetCoreKit.FluentValidation.Tests\DotNetCoreKit.FluentValidations.Tests.csproj", "{1FB406B4-5C15-4376-8DE6-D54D322DD962}"
EndProject
Global
	GlobalSection(SolutionConfigurationPlatforms) = preSolution
		Debug|Any CPU = Debug|Any CPU
		Release|Any CPU = Release|Any CPU
	EndGlobalSection
	GlobalSection(ProjectConfigurationPlatforms) = postSolution
		{018B6419-3734-4BA8-BBBC-8878EA439671}.Debug|Any CPU.ActiveCfg = Debug|Any CPU
		{018B6419-3734-4BA8-BBBC-8878EA439671}.Debug|Any CPU.Build.0 = Debug|Any CPU
		{018B6419-3734-4BA8-BBBC-8878EA439671}.Release|Any CPU.ActiveCfg = Release|Any CPU
		{018B6419-3734-4BA8-BBBC-8878EA439671}.Release|Any CPU.Build.0 = Release|Any CPU
		{5E796A5F-D36F-4CC9-8B7E-441929A02379}.Debug|Any CPU.ActiveCfg = Debug|Any CPU
		{5E796A5F-D36F-4CC9-8B7E-441929A02379}.Debug|Any CPU.Build.0 = Debug|Any CPU
		{5E796A5F-D36F-4CC9-8B7E-441929A02379}.Release|Any CPU.ActiveCfg = Release|Any CPU
		{5E796A5F-D36F-4CC9-8B7E-441929A02379}.Release|Any CPU.Build.0 = Release|Any CPU
		{D2131EA5-B2DB-4B02-BFC6-709A30D10DCD}.Debug|Any CPU.ActiveCfg = Debug|Any CPU
		{D2131EA5-B2DB-4B02-BFC6-709A30D10DCD}.Debug|Any CPU.Build.0 = Debug|Any CPU
		{D2131EA5-B2DB-4B02-BFC6-709A30D10DCD}.Release|Any CPU.ActiveCfg = Release|Any CPU
		{D2131EA5-B2DB-4B02-BFC6-709A30D10DCD}.Release|Any CPU.Build.0 = Release|Any CPU
		{1FB406B4-5C15-4376-8DE6-D54D322DD962}.Debug|Any CPU.ActiveCfg = Debug|Any CPU
		{1FB406B4-5C15-4376-8DE6-D54D322DD962}.Debug|Any CPU.Build.0 = Debug|Any CPU
		{1FB406B4-5C15-4376-8DE6-D54D322DD962}.Release|Any CPU.ActiveCfg = Release|Any CPU
		{1FB406B4-5C15-4376-8DE6-D54D322DD962}.Release|Any CPU.Build.0 = Release|Any CPU
	EndGlobalSection
	GlobalSection(SolutionProperties) = preSolution
		HideSolutionNode = FALSE
	EndGlobalSection
	GlobalSection(ExtensibilityGlobals) = postSolution
		SolutionGuid = {AF5BF184-145D-44B9-9B0C-E31A7CCFDD83}
	EndGlobalSection
EndGlobal
